
Microsoft Visual Studio Solution File, Format Version 12.00
# Visual Studio Version 17
VisualStudioVersion = 17.8.34309.116
MinimumVisualStudioVersion = 10.0.40219.1
Project("{FAE04EC0-301F-11D3-BF4B-00C04F79EFBC}") = "BloggingCrud", "BloggingCrud\BloggingCrud.csproj", "{64A21E68-EF9C-481B-9067-EE5A61476283}"
EndProject
Global
	GlobalSection(SolutionConfigurationPlatforms) = preSolution
		Debug|Any CPU = Debug|Any CPU
		Release|Any CPU = Release|Any CPU
	EndGlobalSection
	GlobalSection(ProjectConfigurationPlatforms) = postSolution
		{64A21E68-EF9C-481B-9067-EE5A61476283}.Debug|Any CPU.ActiveCfg = Debug|Any CPU
		{64A21E68-EF9C-481B-9067-EE5A61476283}.Debug|Any CPU.Build.0 = Debug|Any CPU
		{64A21E68-EF9C-481B-9067-EE5A61476283}.Release|Any CPU.ActiveCfg = Release|Any CPU
		{64A21E68-EF9C-481B-9067-EE5A61476283}.Release|Any CPU.Build.0 = Release|Any CPU
	EndGlobalSection
	GlobalSection(SolutionProperties) = preSolution
		HideSolutionNode = FALSE
	EndGlobalSection
	GlobalSection(ExtensibilityGlobals) = postSolution
		SolutionGuid = {96E0F0F2-9006-41BC-83B1-DA5338E8F3A7}
	EndGlobalSection
EndGlobal
